{
  "sources": {
    "nilenso-cookbook": {
      "path": "."
    },
    "apt": {
      "locked_version": "2.1.1"
    },
    "nginx": {
      "locked_version": "1.8.0"
    },
    "build-essential": {
      "locked_version": "1.4.2"
    },
    "yum": {
      "locked_version": "2.3.2"
    },
    "runit": {
      "locked_version": "1.2.0"
    },
    "ohai": {
      "locked_version": "1.1.12"
    },
    "rbenv": {
      "locked_version": "1.6.5"
    },
    "git": {
      "locked_version": "2.6.0"
    },
    "dmg": {
      "locked_version": "2.0.0"
    },
    "windows": {
      "locked_version": "1.10.0"
    },
    "chef_handler": {
      "locked_version": "1.1.4"
    }
  }
}
